
Microsoft Visual Studio Solution File, Format Version 12.00
# Visual Studio 15
VisualStudioVersion = 15.0.28010.0
MinimumVisualStudioVersion = 10.0.40219.1
Project("{FAE04EC0-301F-11D3-BF4B-00C04F79EFBC}") = "WebApplication3", "WebApplication3\WebApplication3.csproj", "{598808F2-5FE6-4DD0-9239-5987EF5A9D7A}"
EndProject
Global
	GlobalSection(SolutionConfigurationPlatforms) = preSolution
		Debug|Any CPU = Debug|Any CPU
		Release|Any CPU = Release|Any CPU
	EndGlobalSection
	GlobalSection(ProjectConfigurationPlatforms) = postSolution
		{598808F2-5FE6-4DD0-9239-5987EF5A9D7A}.Debug|Any CPU.ActiveCfg = Debug|Any CPU
		{598808F2-5FE6-4DD0-9239-5987EF5A9D7A}.Debug|Any CPU.Build.0 = Debug|Any CPU
		{598808F2-5FE6-4DD0-9239-5987EF5A9D7A}.Release|Any CPU.ActiveCfg = Release|Any CPU
		{598808F2-5FE6-4DD0-9239-5987EF5A9D7A}.Release|Any CPU.Build.0 = Release|Any CPU
	EndGlobalSection
	GlobalSection(SolutionProperties) = preSolution
		HideSolutionNode = FALSE
	EndGlobalSection
	GlobalSection(ExtensibilityGlobals) = postSolution
		SolutionGuid = {7BF3AD2D-5901-4C28-AE84-F54691446912}
	EndGlobalSection
EndGlobal
